
Microsoft Visual Studio Solution File, Format Version 12.00
# Visual Studio 14
VisualStudioVersion = 14.0.25123.0
MinimumVisualStudioVersion = 10.0.40219.1
Project("{2150E333-8FDC-42A3-9474-1A3956D46DE8}") = "src", "src", "{016B8FC7-AAC0-4D2D-A8A9-3086AF359F17}"
EndProject
Project("{2150E333-8FDC-42A3-9474-1A3956D46DE8}") = "Solution Items", "Solution Items", "{264E37E8-108A-4A38-ABBE-28E45F5D8FBA}"
	ProjectSection(SolutionItems) = preProject
		global.json = global.json
	EndProjectSection
EndProject
Project("{8BB2217D-0F2D-49D1-97BC-3654ED321F3B}") = "WebApplication2", "src\WebApplication2\WebApplication2.xproj", "{5963268B-30F2-4B74-B2A5-284AC7CFBAEC}"
EndProject
Global
	GlobalSection(SolutionConfigurationPlatforms) = preSolution
		Debug|Any CPU = Debug|Any CPU
		Release|Any CPU = Release|Any CPU
	EndGlobalSection
	GlobalSection(ProjectConfigurationPlatforms) = postSolution
		{5963268B-30F2-4B74-B2A5-284AC7CFBAEC}.Debug|Any CPU.ActiveCfg = Debug|Any CPU
		{5963268B-30F2-4B74-B2A5-284AC7CFBAEC}.Debug|Any CPU.Build.0 = Debug|Any CPU
		{5963268B-30F2-4B74-B2A5-284AC7CFBAEC}.Release|Any CPU.ActiveCfg = Release|Any CPU
		{5963268B-30F2-4B74-B2A5-284AC7CFBAEC}.Release|Any CPU.Build.0 = Release|Any CPU
	EndGlobalSection
	GlobalSection(SolutionProperties) = preSolution
		HideSolutionNode = FALSE
	EndGlobalSection
	GlobalSection(NestedProjects) = preSolution
		{5963268B-30F2-4B74-B2A5-284AC7CFBAEC} = {016B8FC7-AAC0-4D2D-A8A9-3086AF359F17}
	EndGlobalSection
EndGlobal
